
Microsoft Visual Studio Solution File, Format Version 12.00
# Visual Studio Version 17
VisualStudioVersion = 17.14.36908.2 d17.14
MinimumVisualStudioVersion = 10.0.40219.1
Project("{FAE04EC0-301F-11D3-BF4B-00C04F79EFBC}") = "EjemploPosgres", "EjemploPosgres\EjemploPosgres.csproj", "{39492F34-8AE4-48A6-A2BE-6E5BA9FD7CC0}"
EndProject
Global
	GlobalSection(SolutionConfigurationPlatforms) = preSolution
		Debug|Any CPU = Debug|Any CPU
		Release|Any CPU = Release|Any CPU
	EndGlobalSection
	GlobalSection(ProjectConfigurationPlatforms) = postSolution
		{39492F34-8AE4-48A6-A2BE-6E5BA9FD7CC0}.Debug|Any CPU.ActiveCfg = Debug|Any CPU
		{39492F34-8AE4-48A6-A2BE-6E5BA9FD7CC0}.Debug|Any CPU.Build.0 = Debug|Any CPU
		{39492F34-8AE4-48A6-A2BE-6E5BA9FD7CC0}.Release|Any CPU.ActiveCfg = Release|Any CPU
		{39492F34-8AE4-48A6-A2BE-6E5BA9FD7CC0}.Release|Any CPU.Build.0 = Release|Any CPU
	EndGlobalSection
	GlobalSection(SolutionProperties) = preSolution
		HideSolutionNode = FALSE
	EndGlobalSection
	GlobalSection(ExtensibilityGlobals) = postSolution
		SolutionGuid = {D09F7E60-844D-48D9-9E55-8830C5D0BF04}
	EndGlobalSection
EndGlobal
